// !$*UTF8*$!
{
	archiveVersion = 1;
	classes = {
	};
	objectVersion = 77;
	objects = {

/* Begin PBXBuildFile section */
		B8423E8F45A60727204313C4 /* GLTFKit2 in Frameworks */ = {isa = PBXBuildFile; productRef = 1522FF31F2AAC2D5E2F57811 /* GLTFKit2 */; };
/* End PBXBuildFile section */

/* Begin PBXContainerItemProxy section */
		15B96F2E2FEE1499003AA2B7 /* PBXContainerItemProxy */ = {
			isa = PBXContainerItemProxy;
			containerPortal = 15B96F182FEE1497003AA2B7 /* Project object */;
			proxyType = 1;
			remoteGlobalIDString = 15B96F1F2FEE1497003AA2B7;
			remoteInfo = Spatium;
		};
		15B96F382FEE1499003AA2B7 /* PBXContainerItemProxy */ = {
			isa = PBXContainerItemProxy;
			containerPortal = 15B96F182FEE1497003AA2B7 /* Project object */;
			proxyType = 1;
			remoteGlobalIDString = 15B96F1F2FEE1497003AA2B7;
			remoteInfo = Spatium;
		};
/* End PBXContainerItemProxy section */

/* Begin PBXFileReference section */
		15B96F202FEE1497003AA2B7 /* Spatiums.app */ = {isa = PBXFileReference; explicitFileType = wrapper.application; includeInIndex = 0; path = Spatiums.app; sourceTree = BUILT_PRODUCTS_DIR; };
		15B96F2D2FEE1499003AA2B7 /* SpatiumTests.xctest */ = {isa = PBXFileReference; explicitFileType = wrapper.cfbundle; includeInIndex = 0; path = SpatiumTests.xctest; sourceTree = BUILT_PRODUCTS_DIR; };
		15B96F372FEE1499003AA2B7 /* SpatiumUITests.xctest */ = {isa = PBXFileReference; explicitFileType = wrapper.cfbundle; includeInIndex = 0; path = SpatiumUITests.xctest; sourceTree = BUILT_PRODUCTS_DIR; };
/* End PBXFileReference section */

/* Begin PBXFileSystemSynchronizedRootGroup section */
		15B96F222FEE1497003AA2B7 /* Spatium */ = {
			isa = PBXFileSystemSynchronizedRootGroup;
			path = Spatium;
			sourceTree = "<group>";
		};
		15B96F302FEE1499003AA2B7 /* SpatiumTests */ = {
			isa = PBXFileSystemSynchronizedRootGroup;
			path = SpatiumTests;
			sourceTree = "<group>";
		};
		15B96F3A2FEE1499003AA2B7 /* SpatiumUITests */ = {
			isa = PBXFileSystemSynchronizedRootGroup;
			path = SpatiumUITests;
			sourceTree = "<group>";
		};
/* End PBXFileSystemSynchronizedRootGroup section */

/* Begin PBXFrameworksBuildPhase section */
		15B96F1D2FEE1497003AA2B7 /* Frameworks */ = {
			isa = PBXFrameworksBuildPhase;
			buildActionMask = 2147483647;
			files = (
				B8423E8F45A60727204313C4 /* GLTFKit2 in Frameworks */,
			);
			runOnlyForDeploymentPostprocessing = 0;
		};
		15B96F2A2FEE1499003AA2B7 /* Frameworks */ = {
			isa = PBXFrameworksBuildPhase;
			buildActionMask = 2147483647;
			files = (
			);
			runOnlyForDeploymentPostprocessing = 0;
		};
		15B96F342FEE1499003AA2B7 /* Frameworks */ = {
			isa = PBXFrameworksBuildPhase;
			buildActionMask = 2147483647;
			files = (
			);
			runOnlyForDeploymentPostprocessing = 0;
		};
/* End PBXFrameworksBuildPhase section */

/* Begin PBXGroup section */
		15B96F172FEE1497003AA2B7 = {
			isa = PBXGroup;
			children = (
				15B96F222FEE1497003AA2B7 /* Spatium */,
				15B96F302FEE1499003AA2B7 /* SpatiumTests */,
				15B96F3A2FEE1499003AA2B7 /* SpatiumUITests */,
				15B96F212FEE1497003AA2B7 /* Products */,
			);
			sourceTree = "<group>";
		};
		15B96F212FEE1497003AA2B7 /* Products */ = {
			isa = PBXGroup;
			children = (
				15B96F202FEE1497003AA2B7 /* Spatiums.app */,
				15B96F2D2FEE1499003AA2B7 /* SpatiumTests.xctest */,
				15B96F372FEE1499003AA2B7 /* SpatiumUITests.xctest */,
			);
			name = Products;
			sourceTree = "<group>";
		};
/* End PBXGroup section */

/* Begin PBXNativeTarget section */
		15B96F1F2FEE1497003AA2B7 /* Spatium */ = {
			isa = PBXNativeTarget;
			buildConfigurationList = 15B96F412FEE1499003AA2B7 /* Build configuration list for PBXNativeTarget "Spatium" */;
			buildPhases = (
				15B96F1C2FEE1497003AA2B7 /* Sources */,
				15B96F1D2FEE1497003AA2B7 /* Frameworks */,
				15B96F1E2FEE1497003AA2B7 /* Resources */,
			);
			buildRules = (
			);
			dependencies = (
			);
			fileSystemSynchronizedGroups = (
				15B96F222FEE1497003AA2B7 /* Spatium */,
			);
			name = Spatium;
			packageProductDependencies = (
				1522FF31F2AAC2D5E2F57811 /* GLTFKit2 */,
			);
			productName = Spatium;
			productReference = 15B96F202FEE1497003AA2B7 /* Spatiums.app */;
			productType = "com.apple.product-type.application";
		};
		15B96F2C2FEE1499003AA2B7 /* SpatiumTests */ = {
			isa = PBXNativeTarget;
			buildConfigurationList = 15B96F442FEE1499003AA2B7 /* Build configuration list for PBXNativeTarget "SpatiumTests" */;
			buildPhases = (
				15B96F292FEE1499003AA2B7 /* Sources */,
				15B96F2A2FEE1499003AA2B7 /* Frameworks */,
				15B96F2B2FEE1499003AA2B7 /* Resources */,
			);
			buildRules = (
			);
			dependencies = (
				15B96F2F2FEE1499003AA2B7 /* PBXTargetDependency */,
			);
			fileSystemSynchronizedGroups = (
				15B96F302FEE1499003AA2B7 /* SpatiumTests */,
			);
			name = SpatiumTests;
			packageProductDependencies = (
			);
			productName = SpatiumTests;
			productReference = 15B96F2D2FEE1499003AA2B7 /* SpatiumTests.xctest */;
			productType = "com.apple.product-type.bundle.unit-test";
		};
		15B96F362FEE1499003AA2B7 /* SpatiumUITests */ = {
			isa = PBXNativeTarget;
			buildConfigurationList = 15B96F472FEE1499003AA2B7 /* Build configuration list for PBXNativeTarget "SpatiumUITests" */;
			buildPhases = (
				15B96F332FEE1499003AA2B7 /* Sources */,
				15B96F342FEE1499003AA2B7 /* Frameworks */,
				15B96F352FEE1499003AA2B7 /* Resources */,
			);
			buildRules = (
			);
			dependencies = (
				15B96F392FEE1499003AA2B7 /* PBXTargetDependency */,
			);
			fileSystemSynchronizedGroups = (
				15B96F3A2FEE1499003AA2B7 /* SpatiumUITests */,
			);
			name = SpatiumUITests;
			packageProductDependencies = (
			);
			productName = SpatiumUITests;
			productReference = 15B96F372FEE1499003AA2B7 /* SpatiumUITests.xctest */;
			productType = "com.apple.product-type.bundle.ui-testing";
		};
/* End PBXNativeTarget section */

/* Begin PBXProject section */
		15B96F182FEE1497003AA2B7 /* Project object */ = {
			isa = PBXProject;
			attributes = {
				BuildIndependentTargetsInParallel = 1;
				LastSwiftUpdateCheck = 2650;
				LastUpgradeCheck = 2650;
				TargetAttributes = {
					15B96F1F2FEE1497003AA2B7 = {
						CreatedOnToolsVersion = 26.5;
					};
					15B96F2C2FEE1499003AA2B7 = {
						CreatedOnToolsVersion = 26.5;
						TestTargetID = 15B96F1F2FEE1497003AA2B7;
					};
					15B96F362FEE1499003AA2B7 = {
						CreatedOnToolsVersion = 26.5;
						TestTargetID = 15B96F1F2FEE1497003AA2B7;
					};
				};
			};
			buildConfigurationList = 15B96F1B2FEE1497003AA2B7 /* Build configuration list for PBXProject "Spatium" */;
			developmentRegion = en;
			hasScannedForEncodings = 0;
			knownRegions = (
				en,
				Base,
			);
			mainGroup = 15B96F172FEE1497003AA2B7;
			minimizedProjectReferenceProxies = 1;
			packageReferences = (
				046182B409FB6261B862BECE /* XCRemoteSwiftPackageReference "GLTFKit2" */,
			);
			preferredProjectObjectVersion = 77;
			productRefGroup = 15B96F212FEE1497003AA2B7 /* Products */;
			projectDirPath = "";
			projectRoot = "";
			targets = (
				15B96F1F2FEE1497003AA2B7 /* Spatium */,
				15B96F2C2FEE1499003AA2B7 /* SpatiumTests */,
				15B96F362FEE1499003AA2B7 /* SpatiumUITests */,
			);
		};
/* End PBXProject section */

/* Begin PBXResourcesBuildPhase section */
		15B96F1E2FEE1497003AA2B7 /* Resources */ = {
			isa = PBXResourcesBuildPhase;
			buildActionMask = 2147483647;
			files = (
			);
			runOnlyForDeploymentPostprocessing = 0;
		};
		15B96F2B2FEE1499003AA2B7 /* Resources */ = {
			isa = PBXResourcesBuildPhase;
			buildActionMask = 2147483647;
			files = (
			);
			runOnlyForDeploymentPostprocessing = 0;
		};
		15B96F352FEE1499003AA2B7 /* Resources */ = {
			isa = PBXResourcesBuildPhase;
			buildActionMask = 2147483647;
			files = (
			);
			runOnlyForDeploymentPostprocessing = 0;
		};
/* End PBXResourcesBuildPhase section */

/* Begin PBXSourcesBuildPhase section */
		15B96F1C2FEE1497003AA2B7 /* Sources */ = {
			isa = PBXSourcesBuildPhase;
			buildActionMask = 2147483647;
			files = (
			);
			runOnlyForDeploymentPostprocessing = 0;
		};
		15B96F292FEE1499003AA2B7 /* Sources */ = {
			isa = PBXSourcesBuildPhase;
			buildActionMask = 2147483647;
			files = (
			);
			runOnlyForDeploymentPostprocessing = 0;
		};
		15B96F332FEE1499003AA2B7 /* Sources */ = {
			isa = PBXSourcesBuildPhase;
			buildActionMask = 2147483647;
			files = (
			);
			runOnlyForDeploymentPostprocessing = 0;
		};
/* End PBXSourcesBuildPhase section */

/* Begin PBXTargetDependency section */
		15B96F2F2FEE1499003AA2B7 /* PBXTargetDependency */ = {
			isa = PBXTargetDependency;
			target = 15B96F1F2FEE1497003AA2B7 /* Spatium */;
			targetProxy = 15B96F2E2FEE1499003AA2B7 /* PBXContainerItemProxy */;
		};
		15B96F392FEE1499003AA2B7 /* PBXTargetDependency */ = {
			isa = PBXTargetDependency;
			target = 15B96F1F2FEE1497003AA2B7 /* Spatium */;
			targetProxy = 15B96F382FEE1499003AA2B7 /* PBXContainerItemProxy */;
		};
/* End PBXTargetDependency section */

/* Begin XCBuildConfiguration section */
		15B96F3F2FEE1499003AA2B7 /* Debug */ = {
			isa = XCBuildConfiguration;
			buildSettings = {
				ALWAYS_SEARCH_USER_PATHS = NO;
				ASSETCATALOG_COMPILER_GENERATE_SWIFT_ASSET_SYMBOL_EXTENSIONS = YES;
				CLANG_ANALYZER_NONNULL = YES;
				CLANG_ANALYZER_NUMBER_OBJECT_CONVERSION = YES_AGGRESSIVE;
				CLANG_CXX_LANGUAGE_STANDARD = "gnu++20";
				CLANG_ENABLE_MODULES = YES;
				CLANG_ENABLE_OBJC_ARC = YES;
				CLANG_ENABLE_OBJC_WEAK = YES;
				CLANG_WARN_BLOCK_CAPTURE_AUTORELEASING = YES;
				CLANG_WARN_BOOL_CONVERSION = YES;
				CLANG_WARN_COMMA = YES;
				CLANG_WARN_CONSTANT_CONVERSION = YES;
				CLANG_WARN_DEPRECATED_OBJC_IMPLEMENTATIONS = YES;
				CLANG_WARN_DIRECT_OBJC_ISA_USAGE = YES_ERROR;
				CLANG_WARN_DOCUMENTATION_COMMENTS = YES;
				CLANG_WARN_EMPTY_BODY = YES;
				CLANG_WARN_ENUM_CONVERSION = YES;
				CLANG_WARN_INFINITE_RECURSION = YES;
				CLANG_WARN_INT_CONVERSION = YES;
				CLANG_WARN_NON_LITERAL_NULL_CONVERSION = YES;
				CLANG_WARN_OBJC_IMPLICIT_RETAIN_SELF = YES;
				CLANG_WARN_OBJC_LITERAL_CONVERSION = YES;
				CLANG_WARN_OBJC_ROOT_CLASS = YES_ERROR;
				CLANG_WARN_QUOTED_INCLUDE_IN_FRAMEWORK_HEADER = YES;
				CLANG_WARN_RANGE_LOOP_ANALYSIS = YES;
				CLANG_WARN_STRICT_PROTOTYPES = YES;
				CLANG_WARN_SUSPICIOUS_MOVE = YES;
				CLANG_WARN_UNGUARDED_AVAILABILITY = YES_AGGRESSIVE;
				CLANG_WARN_UNREACHABLE_CODE = YES;
				CLANG_WARN__DUPLICATE_METHOD_MATCH = YES;
				COPY_PHASE_STRIP = NO;
				DEBUG_INFORMATION_FORMAT = dwarf;
				DEVELOPMENT_TEAM = 322PTHJ258;
				ENABLE_STRICT_OBJC_MSGSEND = YES;
				ENABLE_TESTABILITY = YES;
				ENABLE_USER_SCRIPT_SANDBOXING = YES;
				GCC_C_LANGUAGE_STANDARD = gnu17;
				GCC_DYNAMIC_NO_PIC = NO;
				GCC_NO_COMMON_BLOCKS = YES;
				GCC_OPTIMIZATION_LEVEL = 0;
				GCC_PREPROCESSOR_DEFINITIONS = (
					"DEBUG=1",
					"$(inherited)",
				);
				GCC_WARN_64_TO_32_BIT_CONVERSION = YES;
				GCC_WARN_ABOUT_RETURN_TYPE = YES_ERROR;
				GCC_WARN_UNDECLARED_SELECTOR = YES;
				GCC_WARN_UNINITIALIZED_AUTOS = YES_AGGRESSIVE;
				GCC_WARN_UNUSED_FUNCTION = YES;
				GCC_WARN_UNUSED_VARIABLE = YES;
				IPHONEOS_DEPLOYMENT_TARGET = 17.0;
				LOCALIZATION_PREFERS_STRING_CATALOGS = YES;
				MTL_ENABLE_DEBUG_INFO = INCLUDE_SOURCE;
				MTL_FAST_MATH = YES;
				ONLY_ACTIVE_ARCH = YES;
				SDKROOT = iphoneos;
				SWIFT_ACTIVE_COMPILATION_CONDITIONS = "DEBUG $(inherited)";
				SWIFT_OPTIMIZATION_LEVEL = "-Onone";
			};
			name = Debug;
		};
		15B96F402FEE1499003AA2B7 /* Release */ = {
			isa = XCBuildConfiguration;
			buildSettings = {
				ALWAYS_SEARCH_USER_PATHS = NO;
				ASSETCATALOG_COMPILER_GENERATE_SWIFT_ASSET_SYMBOL_EXTENSIONS = YES;
				CLANG_ANALYZER_NONNULL = YES;
				CLANG_ANALYZER_NUMBER_OBJECT_CONVERSION = YES_AGGRESSIVE;
				CLANG_CXX_LANGUAGE_STANDARD = "gnu++20";
				CLANG_ENABLE_MODULES = YES;
				CLANG_ENABLE_OBJC_ARC = YES;
				CLANG_ENABLE_OBJC_WEAK = YES;
				CLANG_WARN_BLOCK_CAPTURE_AUTORELEASING = YES;
				CLANG_WARN_BOOL_CONVERSION = YES;
				CLANG_WARN_COMMA = YES;
				CLANG_WARN_CONSTANT_CONVERSION = YES;
				CLANG_WARN_DEPRECATED_OBJC_IMPLEMENTATIONS = YES;
				CLANG_WARN_DIRECT_OBJC_ISA_USAGE = YES_ERROR;
				CLANG_WARN_DOCUMENTATION_COMMENTS = YES;
				CLANG_WARN_EMPTY_BODY = YES;
				CLANG_WARN_ENUM_CONVERSION = YES;
				CLANG_WARN_INFINITE_RECURSION = YES;
				CLANG_WARN_INT_CONVERSION = YES;
				CLANG_WARN_NON_LITERAL_NULL_CONVERSION = YES;
				CLANG_WARN_OBJC_IMPLICIT_RETAIN_SELF = YES;
				CLANG_WARN_OBJC_LITERAL_CONVERSION = YES;
				CLANG_WARN_OBJC_ROOT_CLASS = YES_ERROR;
				CLANG_WARN_QUOTED_INCLUDE_IN_FRAMEWORK_HEADER = YES;
				CLANG_WARN_RANGE_LOOP_ANALYSIS = YES;
				CLANG_WARN_STRICT_PROTOTYPES = YES;
				CLANG_WARN_SUSPICIOUS_MOVE = YES;
				CLANG_WARN_UNGUARDED_AVAILABILITY = YES_AGGRESSIVE;
				CLANG_WARN_UNREACHABLE_CODE = YES;
				CLANG_WARN__DUPLICATE_METHOD_MATCH = YES;
				COPY_PHASE_STRIP = NO;
				DEBUG_INFORMATION_FORMAT = "dwarf-with-dsym";
				DEVELOPMENT_TEAM = 322PTHJ258;
				ENABLE_NS_ASSERTIONS = NO;
				ENABLE_STRICT_OBJC_MSGSEND = YES;
				ENABLE_USER_SCRIPT_SANDBOXING = YES;
				GCC_C_LANGUAGE_STANDARD = gnu17;
				GCC_NO_COMMON_BLOCKS = YES;
				GCC_WARN_64_TO_32_BIT_CONVERSION = YES;
				GCC_WARN_ABOUT_RETURN_TYPE = YES_ERROR;
				GCC_WARN_UNDECLARED_SELECTOR = YES;
				GCC_WARN_UNINITIALIZED_AUTOS = YES_AGGRESSIVE;
				GCC_WARN_UNUSED_FUNCTION = YES;
				GCC_WARN_UNUSED_VARIABLE = YES;
				IPHONEOS_DEPLOYMENT_TARGET = 17.0;
				LOCALIZATION_PREFERS_STRING_CATALOGS = YES;
				MTL_ENABLE_DEBUG_INFO = NO;
				MTL_FAST_MATH = YES;
				SDKROOT = iphoneos;
				SWIFT_COMPILATION_MODE = wholemodule;
				VALIDATE_PRODUCT = YES;
			};
			name = Release;
		};
		15B96F422FEE1499003AA2B7 /* Debug */ = {
			isa = XCBuildConfiguration;
			buildSettings = {
				ASSETCATALOG_COMPILER_APPICON_NAME = AppIcon;
				ASSETCATALOG_COMPILER_GLOBAL_ACCENT_COLOR_NAME = AccentColor;
				CODE_SIGN_ENTITLEMENTS = Spatium/Spatium.entitlements;
				CODE_SIGN_STYLE = Automatic;
				CURRENT_PROJECT_VERSION = 1;
				DEVELOPMENT_TEAM = 322PTHJ258;
				ENABLE_PREVIEWS = YES;
				GENERATE_INFOPLIST_FILE = NO;
				INFOPLIST_FILE = Info.plist;
				LD_RUNPATH_SEARCH_PATHS = (
					"$(inherited)",
					"@executable_path/Frameworks",
				);
				MARKETING_VERSION = 1.0;
				PRODUCT_BUNDLE_IDENTIFIER = name.dongharyu.Spatium;
				PRODUCT_MODULE_NAME = Spatium;
				PRODUCT_NAME = Spatiums;
				STRING_CATALOG_GENERATE_SYMBOLS = YES;
				SWIFT_APPROACHABLE_CONCURRENCY = YES;
				SWIFT_DEFAULT_ACTOR_ISOLATION = MainActor;
				SWIFT_EMIT_LOC_STRINGS = YES;
				SWIFT_UPCOMING_FEATURE_MEMBER_IMPORT_VISIBILITY = YES;
				SWIFT_VERSION = 5.0;
				TARGETED_DEVICE_FAMILY = "1,2";
			};
			name = Debug;
		};
		15B96F432FEE1499003AA2B7 /* Release */ = {
			isa = XCBuildConfiguration;
			buildSettings = {
				ASSETCATALOG_COMPILER_APPICON_NAME = AppIcon;
				ASSETCATALOG_COMPILER_GLOBAL_ACCENT_COLOR_NAME = AccentColor;
				CODE_SIGN_ENTITLEMENTS = Spatium/Spatium.entitlements;
				CODE_SIGN_STYLE = Automatic;
				CURRENT_PROJECT_VERSION = 1;
				DEVELOPMENT_TEAM = 322PTHJ258;
				ENABLE_PREVIEWS = YES;
				GENERATE_INFOPLIST_FILE = NO;
				INFOPLIST_FILE = Info.plist;
				LD_RUNPATH_SEARCH_PATHS = (
					"$(inherited)",
					"@executable_path/Frameworks",
				);
				MARKETING_VERSION = 1.0;
				PRODUCT_BUNDLE_IDENTIFIER = name.dongharyu.Spatium;
				PRODUCT_MODULE_NAME = Spatium;
				PRODUCT_NAME = Spatiums;
				STRING_CATALOG_GENERATE_SYMBOLS = YES;
				SWIFT_APPROACHABLE_CONCURRENCY = YES;
				SWIFT_DEFAULT_ACTOR_ISOLATION = MainActor;
				SWIFT_EMIT_LOC_STRINGS = YES;
				SWIFT_UPCOMING_FEATURE_MEMBER_IMPORT_VISIBILITY = YES;
				SWIFT_VERSION = 5.0;
				TARGETED_DEVICE_FAMILY = "1,2";
			};
			name = Release;
		};
		15B96F452FEE1499003AA2B7 /* Debug */ = {
			isa = XCBuildConfiguration;
			buildSettings = {
				BUNDLE_LOADER = "$(TEST_HOST)";
				CODE_SIGN_STYLE = Automatic;
				CURRENT_PROJECT_VERSION = 1;
				DEVELOPMENT_TEAM = 322PTHJ258;
				GENERATE_INFOPLIST_FILE = YES;
				IPHONEOS_DEPLOYMENT_TARGET = 17.0;
				MARKETING_VERSION = 1.0;
				PRODUCT_BUNDLE_IDENTIFIER = name.dongharyu.SpatiumTests;
				PRODUCT_NAME = "$(TARGET_NAME)";
				STRING_CATALOG_GENERATE_SYMBOLS = NO;
				SWIFT_APPROACHABLE_CONCURRENCY = YES;
				SWIFT_EMIT_LOC_STRINGS = NO;
				SWIFT_UPCOMING_FEATURE_MEMBER_IMPORT_VISIBILITY = YES;
				SWIFT_VERSION = 5.0;
				TARGETED_DEVICE_FAMILY = "1,2";
				TEST_HOST = "$(BUILT_PRODUCTS_DIR)/Spatiums.app/$(BUNDLE_EXECUTABLE_FOLDER_PATH)/Spatiums";
			};
			name = Debug;
		};
		15B96F462FEE1499003AA2B7 /* Release */ = {
			isa = XCBuildConfiguration;
			buildSettings = {
				BUNDLE_LOADER = "$(TEST_HOST)";
				CODE_SIGN_STYLE = Automatic;
				CURRENT_PROJECT_VERSION = 1;
				DEVELOPMENT_TEAM = 322PTHJ258;
				GENERATE_INFOPLIST_FILE = YES;
				IPHONEOS_DEPLOYMENT_TARGET = 17.0;
				MARKETING_VERSION = 1.0;
				PRODUCT_BUNDLE_IDENTIFIER = name.dongharyu.SpatiumTests;
				PRODUCT_NAME = "$(TARGET_NAME)";
				STRING_CATALOG_GENERATE_SYMBOLS = NO;
				SWIFT_APPROACHABLE_CONCURRENCY = YES;
				SWIFT_EMIT_LOC_STRINGS = NO;
				SWIFT_UPCOMING_FEATURE_MEMBER_IMPORT_VISIBILITY = YES;
				SWIFT_VERSION = 5.0;
				TARGETED_DEVICE_FAMILY = "1,2";
				TEST_HOST = "$(BUILT_PRODUCTS_DIR)/Spatiums.app/$(BUNDLE_EXECUTABLE_FOLDER_PATH)/Spatiums";
			};
			name = Release;
		};
		15B96F482FEE1499003AA2B7 /* Debug */ = {
			isa = XCBuildConfiguration;
			buildSettings = {
				CODE_SIGN_STYLE = Automatic;
				CURRENT_PROJECT_VERSION = 1;
				DEVELOPMENT_TEAM = 322PTHJ258;
				GENERATE_INFOPLIST_FILE = YES;
				MARKETING_VERSION = 1.0;
				PRODUCT_BUNDLE_IDENTIFIER = name.dongharyu.SpatiumUITests;
				PRODUCT_NAME = "$(TARGET_NAME)";
				STRING_CATALOG_GENERATE_SYMBOLS = NO;
				SWIFT_APPROACHABLE_CONCURRENCY = YES;
				SWIFT_EMIT_LOC_STRINGS = NO;
				SWIFT_UPCOMING_FEATURE_MEMBER_IMPORT_VISIBILITY = YES;
				SWIFT_VERSION = 5.0;
				TARGETED_DEVICE_FAMILY = "1,2";
				TEST_TARGET_NAME = Spatium;
			};
			name = Debug;
		};
		15B96F492FEE1499003AA2B7 /* Release */ = {
			isa = XCBuildConfiguration;
			buildSettings = {
				CODE_SIGN_STYLE = Automatic;
				CURRENT_PROJECT_VERSION = 1;
				DEVELOPMENT_TEAM = 322PTHJ258;
				GENERATE_INFOPLIST_FILE = YES;
				MARKETING_VERSION = 1.0;
				PRODUCT_BUNDLE_IDENTIFIER = name.dongharyu.SpatiumUITests;
				PRODUCT_NAME = "$(TARGET_NAME)";
				STRING_CATALOG_GENERATE_SYMBOLS = NO;
				SWIFT_APPROACHABLE_CONCURRENCY = YES;
				SWIFT_EMIT_LOC_STRINGS = NO;
				SWIFT_UPCOMING_FEATURE_MEMBER_IMPORT_VISIBILITY = YES;
				SWIFT_VERSION = 5.0;
				TARGETED_DEVICE_FAMILY = "1,2";
				TEST_TARGET_NAME = Spatium;
			};
			name = Release;
		};
/* End XCBuildConfiguration section */

/* Begin XCConfigurationList section */
		15B96F1B2FEE1497003AA2B7 /* Build configuration list for PBXProject "Spatium" */ = {
			isa = XCConfigurationList;
			buildConfigurations = (
				15B96F3F2FEE1499003AA2B7 /* Debug */,
				15B96F402FEE1499003AA2B7 /* Release */,
			);
			defaultConfigurationIsVisible = 0;
			defaultConfigurationName = Release;
		};
		15B96F412FEE1499003AA2B7 /* Build configuration list for PBXNativeTarget "Spatium" */ = {
			isa = XCConfigurationList;
			buildConfigurations = (
				15B96F422FEE1499003AA2B7 /* Debug */,
				15B96F432FEE1499003AA2B7 /* Release */,
			);
			defaultConfigurationIsVisible = 0;
			defaultConfigurationName = Release;
		};
		15B96F442FEE1499003AA2B7 /* Build configuration list for PBXNativeTarget "SpatiumTests" */ = {
			isa = XCConfigurationList;
			buildConfigurations = (
				15B96F452FEE1499003AA2B7 /* Debug */,
				15B96F462FEE1499003AA2B7 /* Release */,
			);
			defaultConfigurationIsVisible = 0;
			defaultConfigurationName = Release;
		};
		15B96F472FEE1499003AA2B7 /* Build configuration list for PBXNativeTarget "SpatiumUITests" */ = {
			isa = XCConfigurationList;
			buildConfigurations = (
				15B96F482FEE1499003AA2B7 /* Debug */,
				15B96F492FEE1499003AA2B7 /* Release */,
			);
			defaultConfigurationIsVisible = 0;
			defaultConfigurationName = Release;
		};
/* End XCConfigurationList section */

/* Begin XCRemoteSwiftPackageReference section */
		046182B409FB6261B862BECE /* XCRemoteSwiftPackageReference "GLTFKit2" */ = {
			isa = XCRemoteSwiftPackageReference;
			repositoryURL = "https://github.com/warrenm/GLTFKit2";
			requirement = {
				kind = exactVersion;
				version = 0.5.15;
			};
		};
/* End XCRemoteSwiftPackageReference section */

/* Begin XCSwiftPackageProductDependency section */
		1522FF31F2AAC2D5E2F57811 /* GLTFKit2 */ = {
			isa = XCSwiftPackageProductDependency;
			package = 046182B409FB6261B862BECE /* XCRemoteSwiftPackageReference "GLTFKit2" */;
			productName = GLTFKit2;
		};
/* End XCSwiftPackageProductDependency section */
	};
	rootObject = 15B96F182FEE1497003AA2B7 /* Project object */;
}
